{
  "version": "5",
  "specifiers": {
    "npm:zod@^4.1.13": "4.1.13"
  },
  "npm": {
    "zod@4.1.13": {
      "integrity": "sha512-AvvthqfqrAhNH9dnfmrfKzX5upOdjUVJYFqNSlkmGf64gRaTzlPwz99IHYnVs28qYAybvAlBV+H7pn0saFY4Ig=="
    }
  },
  "workspace": {
    "dependencies": [
      "npm:zod@^4.1.13"
    ]
  }
}
